{
  "name": "aws-appsync",
  "version": "1.0.2",
  "lockfileVersion": 1,
  "requires": true,
  "dependencies": {
    "@redux-offline/redux-offline": {
      "version": "2.2.1",
      "resolved": "https://registry.npmjs.org/@redux-offline/redux-offline/-/redux-offline-2.2.1.tgz",
      "integrity": "sha512-DbSo4LwMvANTJq/f573xTq13XBFW2BDahnrPBZsBmp41PQOMzPfKbpALv9QKS6vw766f03HI1pOOq8w77uHQ6Q==",
      "requires": {
        "babel-runtime": "6.26.0",
        "redux-persist": "4.10.2"
      }
    },
    "@types/async": {
      "version": "2.0.45",
      "resolved": "https://registry.npmjs.org/@types/async/-/async-2.0.45.tgz",
      "integrity": "sha512-Gul4iUqYqrQQypJpwjqR24dcgJAAjvwncznGBGrINmcz73eHLWkmE8/YGAo4Dr0ADKBCBlkA+f58plzFIh6XAA==",
      "optional": true
    },
    "@types/node": {
      "version": "8.0.53",
      "resolved": "https://registry.npmjs.org/@types/node/-/node-8.0.53.tgz",
      "integrity": "sha512-54Dm6NwYeiSQmRB1BLXKr5GELi0wFapR1npi8bnZhEcu84d/yQKqnwwXQ56hZ0RUbTG6L5nqDZaN3dgByQXQRQ==",
      "dev": true
    },
    "@types/zen-observable": {
      "version": "0.5.3",
      "resolved": "https://registry.npmjs.org/@types/zen-observable/-/zen-observable-0.5.3.tgz",
      "integrity": "sha512-aDvGDAHcVfUqNmd8q4//cHAP+HGxsbChbBbuk3+kMVk5TTxfWLpQWvVN3+UPjohLnwMYN7jr6BWNn2cYNqdm7g=="
    },
    "apollo-cache": {
      "version": "1.0.1",
      "resolved": "https://registry.npmjs.org/apollo-cache/-/apollo-cache-1.0.1.tgz",
      "integrity": "sha512-7P5RgFPoF2ZiSl12CwH/S8+mNjWIS56utzb+FIOm4hSTYKVEaP7R9VCeC1vFmJRgjMhWkJveb9YCEPu0wIQtmw==",
      "requires": {
        "apollo-utilities": "1.0.2"
      }
    },
    "apollo-cache-inmemory": {
      "version": "1.1.1",
      "resolved": "https://registry.npmjs.org/apollo-cache-inmemory/-/apollo-cache-inmemory-1.1.1.tgz",
      "integrity": "sha512-I0cOOuHJvsFdFO7wBqptueiEQmKcM9Yu05IKDI0QQ0KtYMuH1bJvuh/g55GuwYMXVbqSqmJzkk6xOGtsyR/FRA==",
      "requires": {
        "apollo-cache": "1.0.1",
        "apollo-utilities": "1.0.2",
        "graphql-anywhere": "4.0.1"
      }
    },
    "apollo-client": {
      "version": "2.0.3",
      "resolved": "https://registry.npmjs.org/apollo-client/-/apollo-client-2.0.3.tgz",
      "integrity": "sha512-ZPyGYgewnFlSCArwfBVsNnEjt/Qvr8zvisQM1sFZtkcateKkGou4bk+JihFtjXNmYlWx50z+X71DI0VP34Mh8Q==",
      "requires": {
        "@types/async": "2.0.45",
        "@types/zen-observable": "0.5.3",
        "apollo-cache": "1.0.1",
        "apollo-link": "1.0.3",
        "apollo-link-dedup": "1.0.2",
        "apollo-utilities": "1.0.2",
        "symbol-observable": "1.1.0",
        "zen-observable": "0.6.0"
      }
    },
    "apollo-link": {
      "version": "1.0.3",
      "resolved": "https://registry.npmjs.org/apollo-link/-/apollo-link-1.0.3.tgz",
      "integrity": "sha512-JVFLl+Y5OmwwPqrnf12q9Em85uwSm/QFYR9ZUvFNb1dyv+7IF+9inS6D2m/cVy03O4D32kFzLo8D34D3tY664w==",
      "requires": {
        "@types/zen-observable": "0.5.3",
        "apollo-utilities": "1.0.2",
        "zen-observable": "0.6.0"
      }
    },
    "apollo-link-context": {
      "version": "1.0.1",
      "resolved": "https://registry.npmjs.org/apollo-link-context/-/apollo-link-context-1.0.1.tgz",
      "integrity": "sha512-6irajvNlVpnJLSzTGrqIBEvRq901u5Jte6IDYbO/DwiGFMrbNbKjwbR2Nf92YzNWy9anmvtsmoz39oaGykBkIA=="
    },
    "apollo-link-dedup": {
      "version": "1.0.2",
      "resolved": "https://registry.npmjs.org/apollo-link-dedup/-/apollo-link-dedup-1.0.2.tgz",
      "integrity": "sha512-ECzXORE+fk+kjf+zOugcfaa9Tf/mX+vpNZa+oVAuKhzmRaWST3wsm6TUNfQOx25mF4g3ocw0Kv2OIa921TSKIw=="
    },
    "apollo-link-http": {
      "version": "1.2.0",
      "resolved": "https://registry.npmjs.org/apollo-link-http/-/apollo-link-http-1.2.0.tgz",
      "integrity": "sha512-yuVxqmj+uKhtO2MlE/9j97cKmmtSqfpA74V30EfaosPpXu+O7LDKEZ9ZlFaT7ghcunoYEnZtPuLHRA6AVJ1PnA=="
    },
    "apollo-utilities": {
      "version": "1.0.2",
      "resolved": "https://registry.npmjs.org/apollo-utilities/-/apollo-utilities-1.0.2.tgz",
      "integrity": "sha512-tCiJexDJQr9He6TW9E1/sba0WdeRW4/mmaA1JJBOwyLoPSAvCgBOJ6fo4L3iwWvadR1X1723JGojzhYFrUHMhg=="
    },
    "aws-sdk": {
      "version": "2.157.0",
      "resolved": "https://registry.npmjs.org/aws-sdk/-/aws-sdk-2.157.0.tgz",
      "integrity": "sha1-tVsW+EE9+p5zI7YLIfzpdDIG+KE=",
      "requires": {
        "buffer": "4.9.1",
        "crypto-browserify": "1.0.9",
        "events": "1.1.1",
        "jmespath": "0.15.0",
        "querystring": "0.2.0",
        "sax": "1.2.1",
        "url": "0.10.3",
        "uuid": "3.1.0",
        "xml2js": "0.4.17",
        "xmlbuilder": "4.2.1"
      },
      "dependencies": {
        "url": {
          "version": "0.10.3",
          "resolved": "https://registry.npmjs.org/url/-/url-0.10.3.tgz",
          "integrity": "sha1-Ah5NnHcF8hu/N9A861h2dAJ3TGQ=",
          "requires": {
            "punycode": "1.3.2",
            "querystring": "0.2.0"
          }
        }
      }
    },
    "babel-runtime": {
      "version": "6.26.0",
      "resolved": "https://registry.npmjs.org/babel-runtime/-/babel-runtime-6.26.0.tgz",
      "integrity": "sha1-llxwWGaOgrVde/4E/yM3vItWR/4=",
      "requires": {
        "core-js": "2.5.1",
        "regenerator-runtime": "0.11.0"
      }
    },
    "base64-js": {
      "version": "1.2.1",
      "resolved": "https://registry.npmjs.org/base64-js/-/base64-js-1.2.1.tgz",
      "integrity": "sha512-dwVUVIXsBZXwTuwnXI9RK8sBmgq09NDHzyR9SAph9eqk76gKK2JSQmZARC2zRC81JC2QTtxD0ARU5qTS25gIGw=="
    },
    "buffer": {
      "version": "4.9.1",
      "resolved": "https://registry.npmjs.org/buffer/-/buffer-4.9.1.tgz",
      "integrity": "sha1-bRu2AbB6TvztlwlBMgkwJ8lbwpg=",
      "requires": {
        "base64-js": "1.2.1",
        "ieee754": "1.1.8",
        "isarray": "1.0.0"
      }
    },
    "coffee-script": {
      "version": "1.12.7",
      "resolved": "https://registry.npmjs.org/coffee-script/-/coffee-script-1.12.7.tgz",
      "integrity": "sha512-fLeEhqwymYat/MpTPUjSKHVYYl0ec2mOyALEMLmzr5i1isuG+6jfI2j2d5oBO3VIzgUXgBVIcOT9uH1TFxBckw=="
    },
    "core-js": {
      "version": "2.5.1",
      "resolved": "https://registry.npmjs.org/core-js/-/core-js-2.5.1.tgz",
      "integrity": "sha1-rmh03GaTd4m4B1T/VCjfZoGcpQs="
    },
    "crypto-browserify": {
      "version": "1.0.9",
      "resolved": "https://registry.npmjs.org/crypto-browserify/-/crypto-browserify-1.0.9.tgz",
      "integrity": "sha1-zFRJaF37hesRyYKKzHy4erW7/MA="
    },
    "debug": {
      "version": "2.6.9",
      "resolved": "https://registry.npmjs.org/debug/-/debug-2.6.9.tgz",
      "integrity": "sha512-bC7ElrdJaJnPbAP+1EotYvqZsb3ecl5wi6Bfi6BJTUcNowp6cvspg0jXznRTKDjm/E7AdgFBVeAPVMNcKGsHMA==",
      "requires": {
        "ms": "2.0.0"
      }
    },
    "events": {
      "version": "1.1.1",
      "resolved": "https://registry.npmjs.org/events/-/events-1.1.1.tgz",
      "integrity": "sha1-nr23Y1rQmccNzEwqH1AEKI6L2SQ="
    },
    "fileset": {
      "version": "0.1.8",
      "resolved": "https://registry.npmjs.org/fileset/-/fileset-0.1.8.tgz",
      "integrity": "sha1-UGuRqTluqn4y+0KoQHfHoMc2t0E=",
      "requires": {
        "glob": "3.2.11",
        "minimatch": "0.2.14"
      }
    },
    "gaze": {
      "version": "0.3.4",
      "resolved": "https://registry.npmjs.org/gaze/-/gaze-0.3.4.tgz",
      "integrity": "sha1-X5S92gr+U7xxCWm81vKCVI1gwnk=",
      "requires": {
        "fileset": "0.1.8",
        "minimatch": "0.2.14"
      }
    },
    "glob": {
      "version": "3.2.11",
      "resolved": "https://registry.npmjs.org/glob/-/glob-3.2.11.tgz",
      "integrity": "sha1-Spc/Y1uRkPcV0QmH1cAP0oFevj0=",
      "requires": {
        "inherits": "2.0.3",
        "minimatch": "0.3.0"
      },
      "dependencies": {
        "minimatch": {
          "version": "0.3.0",
          "resolved": "https://registry.npmjs.org/minimatch/-/minimatch-0.3.0.tgz",
          "integrity": "sha1-J12O2qxPG7MyZHIInnlJyDlGmd0=",
          "requires": {
            "lru-cache": "2.7.3",
            "sigmund": "1.0.1"
          }
        }
      }
    },
    "graphql": {
      "version": "0.11.7",
      "resolved": "https://registry.npmjs.org/graphql/-/graphql-0.11.7.tgz",
      "integrity": "sha512-x7uDjyz8Jx+QPbpCFCMQ8lltnQa4p4vSYHx6ADe8rVYRTdsyhCJbvSty5DAsLVmU6cGakl+r8HQYolKHxk/tiw==",
      "requires": {
        "iterall": "1.1.3"
      }
    },
    "graphql-anywhere": {
      "version": "4.0.1",
      "resolved": "https://registry.npmjs.org/graphql-anywhere/-/graphql-anywhere-4.0.1.tgz",
      "integrity": "sha512-mYjTxEjyyIIraUI8RJKaQsVEP1aXXuCtG6R07On2rY1/IlnYI4YVf40oI7H8zD6UMmNstwisFis9laSFQZxeAw==",
      "requires": {
        "apollo-utilities": "1.0.2"
      }
    },
    "growl": {
      "version": "1.7.0",
      "resolved": "https://registry.npmjs.org/growl/-/growl-1.7.0.tgz",
      "integrity": "sha1-3i1mE20ALhErpw8/EMMc98NQsto="
    },
    "ieee754": {
      "version": "1.1.8",
      "resolved": "https://registry.npmjs.org/ieee754/-/ieee754-1.1.8.tgz",
      "integrity": "sha1-vjPUCsEO8ZJnAfbwii2G+/0a0+Q="
    },
    "inherits": {
      "version": "2.0.3",
      "resolved": "https://registry.npmjs.org/inherits/-/inherits-2.0.3.tgz",
      "integrity": "sha1-Yzwsg+PaQqUC9SRmAiSA9CCCYd4="
    },
    "is-typedarray": {
      "version": "1.0.0",
      "resolved": "https://registry.npmjs.org/is-typedarray/-/is-typedarray-1.0.0.tgz",
      "integrity": "sha1-5HnICFjfDBsR3dppQPlgEfzaSpo="
    },
    "isarray": {
      "version": "1.0.0",
      "resolved": "https://registry.npmjs.org/isarray/-/isarray-1.0.0.tgz",
      "integrity": "sha1-u5NdSFgsuhaMBoNJV6VKPgcSTxE="
    },
    "iterall": {
      "version": "1.1.3",
      "resolved": "https://registry.npmjs.org/iterall/-/iterall-1.1.3.tgz",
      "integrity": "sha512-Cu/kb+4HiNSejAPhSaN1VukdNTTi/r4/e+yykqjlG/IW+1gZH5b4+Bq3whDX4tvbYugta3r8KTMUiqT3fIGxuQ=="
    },
    "jasmine-growl-reporter": {
      "version": "0.0.3",
      "resolved": "https://registry.npmjs.org/jasmine-growl-reporter/-/jasmine-growl-reporter-0.0.3.tgz",
      "integrity": "sha1-uHrlUeNZ0orVIXdl6u9sB7dj9sg=",
      "requires": {
        "growl": "1.7.0"
      }
    },
    "jasmine-node": {
      "version": "1.11.0",
      "resolved": "https://registry.npmjs.org/jasmine-node/-/jasmine-node-1.11.0.tgz",
      "integrity": "sha1-yWfkdxA5gXIJK4ST9CUkjqmmn6Y=",
      "requires": {
        "coffee-script": "1.12.7",
        "gaze": "0.3.4",
        "jasmine-growl-reporter": "0.0.3",
        "jasmine-reporters": "2.2.1",
        "mkdirp": "0.3.5",
        "requirejs": "2.3.5",
        "underscore": "1.8.3",
        "walkdir": "0.0.12"
      }
    },
    "jasmine-reporters": {
      "version": "2.2.1",
      "resolved": "https://registry.npmjs.org/jasmine-reporters/-/jasmine-reporters-2.2.1.tgz",
      "integrity": "sha1-3pqSATZ4RiaefKit/1tEIhZx/L0=",
      "requires": {
        "mkdirp": "0.5.1",
        "xmldom": "0.1.27"
      },
      "dependencies": {
        "mkdirp": {
          "version": "0.5.1",
          "resolved": "https://registry.npmjs.org/mkdirp/-/mkdirp-0.5.1.tgz",
          "integrity": "sha1-MAV0OOrGz3+MR2fzhkjWaX11yQM=",
          "requires": {
            "minimist": "0.0.8"
          }
        }
      }
    },
    "jmespath": {
      "version": "0.15.0",
      "resolved": "https://registry.npmjs.org/jmespath/-/jmespath-0.15.0.tgz",
      "integrity": "sha1-o/Iiqarp+Wb10nx5ZRDigJF2Qhc="
    },
    "js-tokens": {
      "version": "3.0.2",
      "resolved": "https://registry.npmjs.org/js-tokens/-/js-tokens-3.0.2.tgz",
      "integrity": "sha1-mGbfOVECEw449/mWvOtlRDIJwls="
    },
    "json-stringify-safe": {
      "version": "5.0.1",
      "resolved": "https://registry.npmjs.org/json-stringify-safe/-/json-stringify-safe-5.0.1.tgz",
      "integrity": "sha1-Epai1Y/UXxmg9s4B1lcB4sc1tus="
    },
    "lodash": {
      "version": "4.17.4",
      "resolved": "https://registry.npmjs.org/lodash/-/lodash-4.17.4.tgz",
      "integrity": "sha1-eCA6TRwyiuHYbcpkYONptX9AVa4="
    },
    "lodash-es": {
      "version": "4.17.4",
      "resolved": "https://registry.npmjs.org/lodash-es/-/lodash-es-4.17.4.tgz",
      "integrity": "sha1-3MHXVS4VCgZABzupyzHXDwMpUOc="
    },
    "loose-envify": {
      "version": "1.3.1",
      "resolved": "https://registry.npmjs.org/loose-envify/-/loose-envify-1.3.1.tgz",
      "integrity": "sha1-0aitM/qc4OcT1l/dCsi3SNR4yEg=",
      "requires": {
        "js-tokens": "3.0.2"
      }
    },
    "lru-cache": {
      "version": "2.7.3",
      "resolved": "https://registry.npmjs.org/lru-cache/-/lru-cache-2.7.3.tgz",
      "integrity": "sha1-bUUk6LlV+V1PW1iFHOId1y+06VI="
    },
    "minimatch": {
      "version": "0.2.14",
      "resolved": "https://registry.npmjs.org/minimatch/-/minimatch-0.2.14.tgz",
      "integrity": "sha1-x054BXT2PG+aCQ6Q775u9TpqdWo=",
      "requires": {
        "lru-cache": "2.7.3",
        "sigmund": "1.0.1"
      }
    },
    "minimist": {
      "version": "0.0.8",
      "resolved": "https://registry.npmjs.org/minimist/-/minimist-0.0.8.tgz",
      "integrity": "sha1-hX/Kv8M5fSYluCKCYuhqp6ARsF0="
    },
    "mkdirp": {
      "version": "0.3.5",
      "resolved": "https://registry.npmjs.org/mkdirp/-/mkdirp-0.3.5.tgz",
      "integrity": "sha1-3j5fiWHIjHh+4TaN+EmsRBPsqNc="
    },
    "ms": {
      "version": "2.0.0",
      "resolved": "https://registry.npmjs.org/ms/-/ms-2.0.0.tgz",
      "integrity": "sha1-VgiurfwAvmwpAd9fmGF4jeDVl8g="
    },
    "nan": {
      "version": "2.8.0",
      "resolved": "https://registry.npmjs.org/nan/-/nan-2.8.0.tgz",
      "integrity": "sha1-7XFfP+neArV6XmJS2QqWZ14fCFo="
    },
    "node-localstorage": {
      "version": "0.6.0",
      "resolved": "https://registry.npmjs.org/node-localstorage/-/node-localstorage-0.6.0.tgz",
      "integrity": "sha1-RaBgHGky395mRKIzYfG+Fzx1068="
    },
    "paho-client": {
      "version": "1.0.1",
      "resolved": "https://registry.npmjs.org/paho-client/-/paho-client-1.0.1.tgz",
      "integrity": "sha1-yZDs3oHRAoQ3y247s4XeABgNSdg=",
      "requires": {
        "jasmine-node": "1.11.0",
        "node-localstorage": "0.6.0",
        "websocket": "1.0.25"
      }
    },
    "punycode": {
      "version": "1.3.2",
      "resolved": "https://registry.npmjs.org/punycode/-/punycode-1.3.2.tgz",
      "integrity": "sha1-llOgNvt8HuQjQvIyXM7v6jkmxI0="
    },
    "querystring": {
      "version": "0.2.0",
      "resolved": "https://registry.npmjs.org/querystring/-/querystring-0.2.0.tgz",
      "integrity": "sha1-sgmEkgO7Jd+CDadW50cAWHhSFiA="
    },
    "redux": {
      "version": "3.7.2",
      "resolved": "https://registry.npmjs.org/redux/-/redux-3.7.2.tgz",
      "integrity": "sha512-pNqnf9q1hI5HHZRBkj3bAngGZW/JMCmexDlOxw4XagXY2o1327nHH54LoTjiPJ0gizoqPDRqWyX/00g0hD6w+A==",
      "requires": {
        "lodash": "4.17.4",
        "lodash-es": "4.17.4",
        "loose-envify": "1.3.1",
        "symbol-observable": "1.1.0"
      }
    },
    "redux-persist": {
      "version": "4.10.2",
      "resolved": "https://registry.npmjs.org/redux-persist/-/redux-persist-4.10.2.tgz",
      "integrity": "sha512-U+e0ieMGC69Zr72929iJW40dEld7Mflh6mu0eJtVMLGfMq/aJqjxUM1hzyUWMR1VUyAEEdPHuQmeq5ti9krIgg==",
      "requires": {
        "json-stringify-safe": "5.0.1",
        "lodash": "4.17.4",
        "lodash-es": "4.17.4"
      }
    },
    "redux-thunk": {
      "version": "2.2.0",
      "resolved": "https://registry.npmjs.org/redux-thunk/-/redux-thunk-2.2.0.tgz",
      "integrity": "sha1-5hWhbha0ehmlFXZhM9Hj6Zt4UuU="
    },
    "regenerator-runtime": {
      "version": "0.11.0",
      "resolved": "https://registry.npmjs.org/regenerator-runtime/-/regenerator-runtime-0.11.0.tgz",
      "integrity": "sha512-/aA0kLeRb5N9K0d4fw7ooEbI+xDe+DKD499EQqygGqeS8N3xto15p09uY2xj7ixP81sNPXvRLnAQIqdVStgb1A=="
    },
    "requirejs": {
      "version": "2.3.5",
      "resolved": "https://registry.npmjs.org/requirejs/-/requirejs-2.3.5.tgz",
      "integrity": "sha512-svnO+aNcR/an9Dpi44C7KSAy5fFGLtmPbaaCeQaklUz8BQhS64tWWIIlvEA5jrWICzlO/X9KSzSeXFnZdBu8nw=="
    },
    "sax": {
      "version": "1.2.1",
      "resolved": "https://registry.npmjs.org/sax/-/sax-1.2.1.tgz",
      "integrity": "sha1-e45lYZCyKOgaZq6nSEgNgozS03o="
    },
    "sigmund": {
      "version": "1.0.1",
      "resolved": "https://registry.npmjs.org/sigmund/-/sigmund-1.0.1.tgz",
      "integrity": "sha1-P/IfGYytIXX587eBhT/ZTQ0ZtZA="
    },
    "symbol-observable": {
      "version": "1.1.0",
      "resolved": "https://registry.npmjs.org/symbol-observable/-/symbol-observable-1.1.0.tgz",
      "integrity": "sha512-dQoid9tqQ+uotGhuTKEY11X4xhyYePVnqGSoSm3OGKh2E8LZ6RPULp1uXTctk33IeERlrRJYoVSBglsL05F5Uw=="
    },
    "typedarray-to-buffer": {
      "version": "3.1.2",
      "resolved": "https://registry.npmjs.org/typedarray-to-buffer/-/typedarray-to-buffer-3.1.2.tgz",
      "integrity": "sha1-EBezLZhP9VbroQD1AViauhrOLgQ=",
      "requires": {
        "is-typedarray": "1.0.0"
      }
    },
    "typescript": {
      "version": "2.6.2",
      "resolved": "https://registry.npmjs.org/typescript/-/typescript-2.6.2.tgz",
      "integrity": "sha1-PFtv1/beCRQmkCfwPAlGdY92c6Q=",
      "dev": true
    },
    "underscore": {
      "version": "1.8.3",
      "resolved": "https://registry.npmjs.org/underscore/-/underscore-1.8.3.tgz",
      "integrity": "sha1-Tz+1OxBuYJf8+ctBCfKl6b36UCI="
    },
    "url": {
      "version": "0.11.0",
      "resolved": "https://registry.npmjs.org/url/-/url-0.11.0.tgz",
      "integrity": "sha1-ODjpfPxgUh63PFJajlW/3Z4uKPE=",
      "requires": {
        "punycode": "1.3.2",
        "querystring": "0.2.0"
      }
    },
    "uuid": {
      "version": "3.1.0",
      "resolved": "https://registry.npmjs.org/uuid/-/uuid-3.1.0.tgz",
      "integrity": "sha512-DIWtzUkw04M4k3bf1IcpS2tngXEL26YUD2M0tMDUpnUrz2hgzUBlD55a4FjdLGPvfHxS6uluGWvaVEqgBcVa+g=="
    },
    "walkdir": {
      "version": "0.0.12",
      "resolved": "https://registry.npmjs.org/walkdir/-/walkdir-0.0.12.tgz",
      "integrity": "sha512-HFhaD4mMWPzFSqhpyDG48KDdrjfn409YQuVW7ckZYhW4sE87mYtWifdB/+73RA7+p4s4K18n5Jfx1kHthE1gBw=="
    },
    "websocket": {
      "version": "1.0.25",
      "resolved": "https://registry.npmjs.org/websocket/-/websocket-1.0.25.tgz",
      "integrity": "sha512-M58njvi6ZxVb5k7kpnHh2BvNKuBWiwIYvsToErBzWhvBZYwlEiLcyLrG41T1jRcrY9ettqPYEqduLI7ul54CVQ==",
      "requires": {
        "debug": "2.6.9",
        "nan": "2.8.0",
        "typedarray-to-buffer": "3.1.2",
        "yaeti": "0.0.6"
      }
    },
    "xml2js": {
      "version": "0.4.17",
      "resolved": "https://registry.npmjs.org/xml2js/-/xml2js-0.4.17.tgz",
      "integrity": "sha1-F76T6q4/O3eTWceVtBlwWogX6Gg=",
      "requires": {
        "sax": "1.2.1",
        "xmlbuilder": "4.2.1"
      }
    },
    "xmlbuilder": {
      "version": "4.2.1",
      "resolved": "https://registry.npmjs.org/xmlbuilder/-/xmlbuilder-4.2.1.tgz",
      "integrity": "sha1-qlijBBoGb5DqoWwvU4n/GfP0YaU=",
      "requires": {
        "lodash": "4.17.4"
      }
    },
    "xmldom": {
      "version": "0.1.27",
      "resolved": "https://registry.npmjs.org/xmldom/-/xmldom-0.1.27.tgz",
      "integrity": "sha1-1QH5ezvbQDr4757MIFcxh6rawOk="
    },
    "yaeti": {
      "version": "0.0.6",
      "resolved": "https://registry.npmjs.org/yaeti/-/yaeti-0.0.6.tgz",
      "integrity": "sha1-8m9ITXJoTPQr7ft2lwqhYI+/lXc="
    },
    "zen-observable": {
      "version": "0.6.0",
      "resolved": "https://registry.npmjs.org/zen-observable/-/zen-observable-0.6.0.tgz",
      "integrity": "sha512-G5v4eFZ1+qJC9U3iyldcc7OLsYfFf6/+/vywU3acbq0qq1PdFXsyfqtOUaQSTwhdbejO7AQWil3GzHxYlMchIg=="
    }
  }
}
