# THIS IS AN AUTOGENERATED FILE. DO NOT EDIT THIS FILE DIRECTLY.
# yarn lockfile v1


"@redux-offline/redux-offline@^2.2.1":
  version "2.2.1"
  resolved "https://registry.yarnpkg.com/@redux-offline/redux-offline/-/redux-offline-2.2.1.tgz#4e7622da0b37bb90b5c713b1db50863f81b1038b"
  dependencies:
    babel-runtime "^6.26.0"
    redux-persist "^4.5.0"

"@types/async@2.0.47":
  version "2.0.47"
  resolved "https://registry.yarnpkg.com/@types/async/-/async-2.0.47.tgz#f49ba1dd1f189486beb6e1d070a850f6ab4bd521"

"@types/node@^8.0.46":
  version "8.5.1"
  resolved "https://registry.yarnpkg.com/@types/node/-/node-8.5.1.tgz#4ec3020bcdfe2abffeef9ba3fbf26fca097514b5"

"@types/zen-observable@0.5.3", "@types/zen-observable@^0.5.3":
  version "0.5.3"
  resolved "https://registry.yarnpkg.com/@types/zen-observable/-/zen-observable-0.5.3.tgz#91b728599544efbb7386d8b6633693a3c2e7ade5"

apollo-cache-inmemory@^1.0.0:
  version "1.1.4"
  resolved "https://registry.yarnpkg.com/apollo-cache-inmemory/-/apollo-cache-inmemory-1.1.4.tgz#63485b18f56f9ceb912df235b42959e890c89747"
  dependencies:
    apollo-cache "^1.0.2"
    apollo-utilities "^1.0.3"
    graphql-anywhere "^4.0.1"

apollo-cache@^1.0.2:
  version "1.0.2"
  resolved "https://registry.yarnpkg.com/apollo-cache/-/apollo-cache-1.0.2.tgz#e3df98696c648649d16a6c3ca9c19e90a556effa"
  dependencies:
    apollo-utilities "^1.0.3"

apollo-cache@^1.1.5:
  version "1.1.6"
  resolved "https://registry.yarnpkg.com/apollo-cache/-/apollo-cache-1.1.6.tgz#b953488bcc8244e001b9ab9c8b362a1512e9203f"
  dependencies:
    apollo-utilities "^1.0.10"

apollo-client@2.2.6:
  version "2.2.6"
  resolved "https://registry.yarnpkg.com/apollo-client/-/apollo-client-2.2.6.tgz#38b5a197976f3c22b63623c455d4c4606e420b66"
  dependencies:
    "@types/zen-observable" "^0.5.3"
    apollo-cache "^1.1.5"
    apollo-link "^1.0.0"
    apollo-link-dedup "^1.0.0"
    apollo-utilities "^1.0.9"
    symbol-observable "^1.0.2"
    zen-observable "^0.7.0"
  optionalDependencies:
    "@types/async" "2.0.47"

apollo-link-context@^1.0.0:
  version "1.0.3"
  resolved "https://registry.yarnpkg.com/apollo-link-context/-/apollo-link-context-1.0.3.tgz#9b823e26780a39655a35347f0b0e88b83acdeabe"
  dependencies:
    apollo-link "^1.0.6"

apollo-link-dedup@^1.0.0:
  version "1.0.5"
  resolved "https://registry.yarnpkg.com/apollo-link-dedup/-/apollo-link-dedup-1.0.5.tgz#1c213d7ebbe48e74b016fffacd7e6a53dc309e32"
  dependencies:
    apollo-link "^1.0.7"

apollo-link-http@^1.0.0:
  version "1.3.2"
  resolved "https://registry.yarnpkg.com/apollo-link-http/-/apollo-link-http-1.3.2.tgz#63537ee5ecf9c004efb0317f1222b7dbc6f21559"
  dependencies:
    apollo-link "^1.0.7"

apollo-link@^1.0.0, apollo-link@^1.0.6, apollo-link@^1.0.7:
  version "1.0.7"
  resolved "https://registry.yarnpkg.com/apollo-link/-/apollo-link-1.0.7.tgz#42cd38a7378332fc3e41a214ff6a6e5e703a556f"
  dependencies:
    "@types/zen-observable" "0.5.3"
    apollo-utilities "^1.0.0"
    zen-observable "^0.6.0"

apollo-utilities@^1.0.0, apollo-utilities@^1.0.3:
  version "1.0.3"
  resolved "https://registry.yarnpkg.com/apollo-utilities/-/apollo-utilities-1.0.3.tgz#bf435277609850dd442cf1d5c2e8bc6655eaa943"

apollo-utilities@^1.0.10, apollo-utilities@^1.0.9:
  version "1.0.10"
  resolved "https://registry.yarnpkg.com/apollo-utilities/-/apollo-utilities-1.0.10.tgz#0c35696891d4fa28d76768e0f7249d63c6da08b9"

aws-sdk@^2.139.0:
  version "2.171.0"
  resolved "https://registry.yarnpkg.com/aws-sdk/-/aws-sdk-2.171.0.tgz#69c2565e98e353d437402477cc3064a13caedc9c"
  dependencies:
    buffer "4.9.1"
    crypto-browserify "1.0.9"
    events "^1.1.1"
    jmespath "0.15.0"
    querystring "0.2.0"
    sax "1.2.1"
    url "0.10.3"
    uuid "3.1.0"
    xml2js "0.4.17"
    xmlbuilder "4.2.1"

babel-runtime@^6.26.0:
  version "6.26.0"
  resolved "https://registry.yarnpkg.com/babel-runtime/-/babel-runtime-6.26.0.tgz#965c7058668e82b55d7bfe04ff2337bc8b5647fe"
  dependencies:
    core-js "^2.4.0"
    regenerator-runtime "^0.11.0"

base64-js@^1.0.2:
  version "1.2.1"
  resolved "https://registry.yarnpkg.com/base64-js/-/base64-js-1.2.1.tgz#a91947da1f4a516ea38e5b4ec0ec3773675e0886"

buffer@4.9.1:
  version "4.9.1"
  resolved "https://registry.yarnpkg.com/buffer/-/buffer-4.9.1.tgz#6d1bb601b07a4efced97094132093027c95bc298"
  dependencies:
    base64-js "^1.0.2"
    ieee754 "^1.1.4"
    isarray "^1.0.0"

coffee-script@>=1.0.1:
  version "1.12.7"
  resolved "https://registry.yarnpkg.com/coffee-script/-/coffee-script-1.12.7.tgz#c05dae0cb79591d05b3070a8433a98c9a89ccc53"

core-js@^2.4.0:
  version "2.5.3"
  resolved "https://registry.yarnpkg.com/core-js/-/core-js-2.5.3.tgz#8acc38345824f16d8365b7c9b4259168e8ed603e"

crypto-browserify@1.0.9:
  version "1.0.9"
  resolved "https://registry.yarnpkg.com/crypto-browserify/-/crypto-browserify-1.0.9.tgz#cc5449685dfb85eb11c9828acc7cb87ab5bbfcc0"

debug@^2.2.0:
  version "2.6.9"
  resolved "https://registry.yarnpkg.com/debug/-/debug-2.6.9.tgz#5d128515df134ff327e90a4c93f4e077a536341f"
  dependencies:
    ms "2.0.0"

events@^1.1.1:
  version "1.1.1"
  resolved "https://registry.yarnpkg.com/events/-/events-1.1.1.tgz#9ebdb7635ad099c70dcc4c2a1f5004288e8bd924"

fileset@~0.1.5:
  version "0.1.8"
  resolved "https://registry.yarnpkg.com/fileset/-/fileset-0.1.8.tgz#506b91a9396eaa7e32fb42a84077c7a0c736b741"
  dependencies:
    glob "3.x"
    minimatch "0.x"

gaze@~0.3.2:
  version "0.3.4"
  resolved "https://registry.yarnpkg.com/gaze/-/gaze-0.3.4.tgz#5f94bdda0afe53bc710969bcd6f282548d60c279"
  dependencies:
    fileset "~0.1.5"
    minimatch "~0.2.9"

glob@3.x:
  version "3.2.11"
  resolved "https://registry.yarnpkg.com/glob/-/glob-3.2.11.tgz#4a973f635b9190f715d10987d5c00fd2815ebe3d"
  dependencies:
    inherits "2"
    minimatch "0.3"

graphql-anywhere@^4.0.1:
  version "4.1.0"
  resolved "https://registry.yarnpkg.com/graphql-anywhere/-/graphql-anywhere-4.1.0.tgz#87c12f488e7c4c357f0045cb5208a35d12171d36"
  dependencies:
    apollo-utilities "^1.0.3"

graphql@^0.11.7:
  version "0.11.7"
  resolved "https://registry.yarnpkg.com/graphql/-/graphql-0.11.7.tgz#e5abaa9cb7b7cccb84e9f0836bf4370d268750c6"
  dependencies:
    iterall "1.1.3"

growl@~1.7.0:
  version "1.7.0"
  resolved "https://registry.yarnpkg.com/growl/-/growl-1.7.0.tgz#de2d66136d002e112ba70f3f10c31cf7c350b2da"

ieee754@^1.1.4:
  version "1.1.8"
  resolved "https://registry.yarnpkg.com/ieee754/-/ieee754-1.1.8.tgz#be33d40ac10ef1926701f6f08a2d86fbfd1ad3e4"

inherits@2:
  version "2.0.3"
  resolved "https://registry.yarnpkg.com/inherits/-/inherits-2.0.3.tgz#633c2c83e3da42a502f52466022480f4208261de"

is-typedarray@^1.0.0:
  version "1.0.0"
  resolved "https://registry.yarnpkg.com/is-typedarray/-/is-typedarray-1.0.0.tgz#e479c80858df0c1b11ddda6940f96011fcda4a9a"

isarray@^1.0.0:
  version "1.0.0"
  resolved "https://registry.yarnpkg.com/isarray/-/isarray-1.0.0.tgz#bb935d48582cba168c06834957a54a3e07124f11"

iterall@1.1.3:
  version "1.1.3"
  resolved "https://registry.yarnpkg.com/iterall/-/iterall-1.1.3.tgz#1cbbff96204056dde6656e2ed2e2226d0e6d72c9"

jasmine-growl-reporter@~0.0.2:
  version "0.0.3"
  resolved "https://registry.yarnpkg.com/jasmine-growl-reporter/-/jasmine-growl-reporter-0.0.3.tgz#b87ae551e359d28ad5217765eaef6c07b763f6c8"
  dependencies:
    growl "~1.7.0"

jasmine-node@1.11.x:
  version "1.11.0"
  resolved "https://registry.yarnpkg.com/jasmine-node/-/jasmine-node-1.11.0.tgz#c967e47710398172092b8493f425248ea9a69fa6"
  dependencies:
    coffee-script ">=1.0.1"
    gaze "~0.3.2"
    jasmine-growl-reporter "~0.0.2"
    jasmine-reporters ">=0.2.0"
    mkdirp "~0.3.5"
    requirejs ">=0.27.1"
    underscore ">= 1.3.1"
    walkdir ">= 0.0.1"

jasmine-reporters@>=0.2.0:
  version "2.2.1"
  resolved "https://registry.yarnpkg.com/jasmine-reporters/-/jasmine-reporters-2.2.1.tgz#de9a9201367846269e7ca8adff5b44221671fcbd"
  dependencies:
    mkdirp "^0.5.1"
    xmldom "^0.1.22"

jmespath@0.15.0:
  version "0.15.0"
  resolved "https://registry.yarnpkg.com/jmespath/-/jmespath-0.15.0.tgz#a3f222a9aae9f966f5d27c796510e28091764217"

js-tokens@^3.0.0:
  version "3.0.2"
  resolved "https://registry.yarnpkg.com/js-tokens/-/js-tokens-3.0.2.tgz#9866df395102130e38f7f996bceb65443209c25b"

json-stringify-safe@^5.0.1:
  version "5.0.1"
  resolved "https://registry.yarnpkg.com/json-stringify-safe/-/json-stringify-safe-5.0.1.tgz#1296a2d58fd45f19a0f6ce01d65701e2c735b6eb"

lodash-es@^4.17.4, lodash-es@^4.2.1:
  version "4.17.4"
  resolved "https://registry.yarnpkg.com/lodash-es/-/lodash-es-4.17.4.tgz#dcc1d7552e150a0640073ba9cb31d70f032950e7"

lodash@^4.0.0, lodash@^4.17.4, lodash@^4.2.1:
  version "4.17.4"
  resolved "https://registry.yarnpkg.com/lodash/-/lodash-4.17.4.tgz#78203a4d1c328ae1d86dca6460e369b57f4055ae"

loose-envify@^1.1.0:
  version "1.3.1"
  resolved "https://registry.yarnpkg.com/loose-envify/-/loose-envify-1.3.1.tgz#d1a8ad33fa9ce0e713d65fdd0ac8b748d478c848"
  dependencies:
    js-tokens "^3.0.0"

lru-cache@2:
  version "2.7.3"
  resolved "https://registry.yarnpkg.com/lru-cache/-/lru-cache-2.7.3.tgz#6d4524e8b955f95d4f5b58851ce21dd72fb4e952"

minimatch@0.3:
  version "0.3.0"
  resolved "https://registry.yarnpkg.com/minimatch/-/minimatch-0.3.0.tgz#275d8edaac4f1bb3326472089e7949c8394699dd"
  dependencies:
    lru-cache "2"
    sigmund "~1.0.0"

minimatch@0.x:
  version "0.4.0"
  resolved "https://registry.yarnpkg.com/minimatch/-/minimatch-0.4.0.tgz#bd2c7d060d2c8c8fd7cde7f1f2ed2d5b270fdb1b"
  dependencies:
    lru-cache "2"
    sigmund "~1.0.0"

minimatch@~0.2.9:
  version "0.2.14"
  resolved "https://registry.yarnpkg.com/minimatch/-/minimatch-0.2.14.tgz#c74e780574f63c6f9a090e90efbe6ef53a6a756a"
  dependencies:
    lru-cache "2"
    sigmund "~1.0.0"

minimist@0.0.8:
  version "0.0.8"
  resolved "https://registry.yarnpkg.com/minimist/-/minimist-0.0.8.tgz#857fcabfc3397d2625b8228262e86aa7a011b05d"

mkdirp@^0.5.1:
  version "0.5.1"
  resolved "https://registry.yarnpkg.com/mkdirp/-/mkdirp-0.5.1.tgz#30057438eac6cf7f8c4767f38648d6697d75c903"
  dependencies:
    minimist "0.0.8"

mkdirp@~0.3.5:
  version "0.3.5"
  resolved "https://registry.yarnpkg.com/mkdirp/-/mkdirp-0.3.5.tgz#de3e5f8961c88c787ee1368df849ac4413eca8d7"

ms@2.0.0:
  version "2.0.0"
  resolved "https://registry.yarnpkg.com/ms/-/ms-2.0.0.tgz#5608aeadfc00be6c2901df5f9861788de0d597c8"

nan@^2.3.3:
  version "2.8.0"
  resolved "https://registry.yarnpkg.com/nan/-/nan-2.8.0.tgz#ed715f3fe9de02b57a5e6252d90a96675e1f085a"

node-localstorage@0.x.x:
  version "0.6.0"
  resolved "https://registry.yarnpkg.com/node-localstorage/-/node-localstorage-0.6.0.tgz#45a0601c6932dfde6644a23361f1be173c75d3af"

paho-client@^1.0.1:
  version "1.0.1"
  resolved "https://registry.yarnpkg.com/paho-client/-/paho-client-1.0.1.tgz#c990ecde81d1028437cb6e3bb385de00180d49d8"
  dependencies:
    jasmine-node "1.11.x"
    node-localstorage "0.x.x"
    websocket "1.x.x"

punycode@1.3.2:
  version "1.3.2"
  resolved "https://registry.yarnpkg.com/punycode/-/punycode-1.3.2.tgz#9653a036fb7c1ee42342f2325cceefea3926c48d"

querystring@0.2.0:
  version "0.2.0"
  resolved "https://registry.yarnpkg.com/querystring/-/querystring-0.2.0.tgz#b209849203bb25df820da756e747005878521620"

redux-persist@^4.5.0:
  version "4.10.2"
  resolved "https://registry.yarnpkg.com/redux-persist/-/redux-persist-4.10.2.tgz#8efdb16cfe882c521a78a6d0bfdfef2437f49f96"
  dependencies:
    json-stringify-safe "^5.0.1"
    lodash "^4.17.4"
    lodash-es "^4.17.4"

redux-thunk@^2.2.0:
  version "2.2.0"
  resolved "https://registry.yarnpkg.com/redux-thunk/-/redux-thunk-2.2.0.tgz#e615a16e16b47a19a515766133d1e3e99b7852e5"

redux@^3.7.2:
  version "3.7.2"
  resolved "https://registry.yarnpkg.com/redux/-/redux-3.7.2.tgz#06b73123215901d25d065be342eb026bc1c8537b"
  dependencies:
    lodash "^4.2.1"
    lodash-es "^4.2.1"
    loose-envify "^1.1.0"
    symbol-observable "^1.0.3"

regenerator-runtime@^0.11.0:
  version "0.11.1"
  resolved "https://registry.yarnpkg.com/regenerator-runtime/-/regenerator-runtime-0.11.1.tgz#be05ad7f9bf7d22e056f9726cee5017fbf19e2e9"

requirejs@>=0.27.1:
  version "2.3.5"
  resolved "https://registry.yarnpkg.com/requirejs/-/requirejs-2.3.5.tgz#617b9acbbcb336540ef4914d790323a8d4b861b0"

sax@1.2.1:
  version "1.2.1"
  resolved "https://registry.yarnpkg.com/sax/-/sax-1.2.1.tgz#7b8e656190b228e81a66aea748480d828cd2d37a"

sax@>=0.6.0:
  version "1.2.4"
  resolved "https://registry.yarnpkg.com/sax/-/sax-1.2.4.tgz#2816234e2378bddc4e5354fab5caa895df7100d9"

setimmediate@^1.0.5:
  version "1.0.5"
  resolved "https://registry.yarnpkg.com/setimmediate/-/setimmediate-1.0.5.tgz#290cbb232e306942d7d7ea9b83732ab7856f8285"

sigmund@~1.0.0:
  version "1.0.1"
  resolved "https://registry.yarnpkg.com/sigmund/-/sigmund-1.0.1.tgz#3ff21f198cad2175f9f3b781853fd94d0d19b590"

symbol-observable@^1.0.2, symbol-observable@^1.0.3:
  version "1.1.0"
  resolved "https://registry.yarnpkg.com/symbol-observable/-/symbol-observable-1.1.0.tgz#5c68fd8d54115d9dfb72a84720549222e8db9b32"

typedarray-to-buffer@^3.1.2:
  version "3.1.2"
  resolved "https://registry.yarnpkg.com/typedarray-to-buffer/-/typedarray-to-buffer-3.1.2.tgz#1017b32d984ff556eba100f501589aba1ace2e04"
  dependencies:
    is-typedarray "^1.0.0"

typescript@^2.5.3:
  version "2.6.2"
  resolved "https://registry.yarnpkg.com/typescript/-/typescript-2.6.2.tgz#3c5b6fd7f6de0914269027f03c0946758f7673a4"

"underscore@>= 1.3.1":
  version "1.8.3"
  resolved "https://registry.yarnpkg.com/underscore/-/underscore-1.8.3.tgz#4f3fb53b106e6097fcf9cb4109f2a5e9bdfa5022"

url@0.10.3:
  version "0.10.3"
  resolved "https://registry.yarnpkg.com/url/-/url-0.10.3.tgz#021e4d9c7705f21bbf37d03ceb58767402774c64"
  dependencies:
    punycode "1.3.2"
    querystring "0.2.0"

url@^0.11.0:
  version "0.11.0"
  resolved "https://registry.yarnpkg.com/url/-/url-0.11.0.tgz#3838e97cfc60521eb73c525a8e55bfdd9e2e28f1"
  dependencies:
    punycode "1.3.2"
    querystring "0.2.0"

uuid@3.1.0:
  version "3.1.0"
  resolved "https://registry.yarnpkg.com/uuid/-/uuid-3.1.0.tgz#3dd3d3e790abc24d7b0d3a034ffababe28ebbc04"

"walkdir@>= 0.0.1":
  version "0.0.12"
  resolved "https://registry.yarnpkg.com/walkdir/-/walkdir-0.0.12.tgz#2f24f1ade64aab1e458591d4442c8868356e9281"

websocket@1.x.x:
  version "1.0.25"
  resolved "https://registry.yarnpkg.com/websocket/-/websocket-1.0.25.tgz#998ec790f0a3eacb8b08b50a4350026692a11958"
  dependencies:
    debug "^2.2.0"
    nan "^2.3.3"
    typedarray-to-buffer "^3.1.2"
    yaeti "^0.0.6"

xml2js@0.4.17:
  version "0.4.17"
  resolved "https://registry.yarnpkg.com/xml2js/-/xml2js-0.4.17.tgz#17be93eaae3f3b779359c795b419705a8817e868"
  dependencies:
    sax ">=0.6.0"
    xmlbuilder "^4.1.0"

xmlbuilder@4.2.1, xmlbuilder@^4.1.0:
  version "4.2.1"
  resolved "https://registry.yarnpkg.com/xmlbuilder/-/xmlbuilder-4.2.1.tgz#aa58a3041a066f90eaa16c2f5389ff19f3f461a5"
  dependencies:
    lodash "^4.0.0"

xmldom@^0.1.22:
  version "0.1.27"
  resolved "https://registry.yarnpkg.com/xmldom/-/xmldom-0.1.27.tgz#d501f97b3bdb403af8ef9ecc20573187aadac0e9"

yaeti@^0.0.6:
  version "0.0.6"
  resolved "https://registry.yarnpkg.com/yaeti/-/yaeti-0.0.6.tgz#f26f484d72684cf42bedfb76970aa1608fbf9577"

zen-observable@^0.6.0:
  version "0.6.1"
  resolved "https://registry.yarnpkg.com/zen-observable/-/zen-observable-0.6.1.tgz#01dbed3bc8d02cbe9ee1112c83e04c807f647244"

zen-observable@^0.7.0:
  version "0.7.1"
  resolved "https://registry.yarnpkg.com/zen-observable/-/zen-observable-0.7.1.tgz#f84075c0ee085594d3566e1d6454207f126411b3"
